{
  "requires": true,
  "lockfileVersion": 1,
  "dependencies": {
    "assemblyscript": {
      "version": "0.9.3",
      "resolved": "https://registry.npmjs.org/assemblyscript/-/assemblyscript-0.9.3.tgz",
      "integrity": "sha512-5Mm15oLOi4Uj/N9h2uGuy4U2zFpaOQuP3kcRuFYiTchuvKIpyqqihMm+e7P6VaTLzPnN+oIRwn1KjTyo4aSw1A==",
      "dev": true,
      "requires": {
        "binaryen": "91.0.0-nightly.20200310",
        "long": "^4.0.0"
      }
    },
    "binaryen": {
      "version": "91.0.0-nightly.20200310",
      "resolved": "https://registry.npmjs.org/binaryen/-/binaryen-91.0.0-nightly.20200310.tgz",
      "integrity": "sha512-MmDzq267aa61HdEQeYiz+7guJlsYk2/6NxWC8I4w1jijqDwoqyZZxi7UYnTH7QvfLrNdMjweEgfT7FHjkvkPmQ==",
      "dev": true
    },
    "long": {
      "version": "4.0.0",
      "resolved": "https://registry.npmjs.org/long/-/long-4.0.0.tgz",
      "integrity": "sha512-XsP+KhQif4bjX1kbuSiySJFNAehNxgLb6hPRGJ9QsUr8ajHkuXGdrHmFUTUUXhDwVX2R5bY4JNZEwbUiMhV+MA==",
      "dev": true
    }
  }
}
